// !$*UTF8*$!
{
	archiveVersion = 1;
	classes = {
	};
	objectVersion = 50;
	objects = {

/* Begin PBXBuildFile section */
		18198124243EECB800150AE6 /* MileusKit.framework in Frameworks */ = {isa = PBXBuildFile; fileRef = 18198123243EECB800150AE6 /* MileusKit.framework */; };
		18198125243EECB800150AE6 /* MileusKit.framework in Embed Frameworks */ = {isa = PBXBuildFile; fileRef = 18198123243EECB800150AE6 /* MileusKit.framework */; settings = {ATTRIBUTES = (CodeSignOnCopy, RemoveHeadersOnCopy, ); }; };
		186C7C0624457E16004E1D3F /* KeyboardManager.swift in Sources */ = {isa = PBXBuildFile; fileRef = 186C7C0524457E16004E1D3F /* KeyboardManager.swift */; };
		18872B8F243B26E400A127D2 /* AppDelegate.swift in Sources */ = {isa = PBXBuildFile; fileRef = 18872B8E243B26E400A127D2 /* AppDelegate.swift */; };
		18872B91243B26E400A127D2 /* SceneDelegate.swift in Sources */ = {isa = PBXBuildFile; fileRef = 18872B90243B26E400A127D2 /* SceneDelegate.swift */; };
		18872B96243B26E400A127D2 /* Main.storyboard in Resources */ = {isa = PBXBuildFile; fileRef = 18872B94243B26E400A127D2 /* Main.storyboard */; };
		18872B98243B26E800A127D2 /* Assets.xcassets in Resources */ = {isa = PBXBuildFile; fileRef = 18872B97243B26E800A127D2 /* Assets.xcassets */; };
		18872B9B243B26E800A127D2 /* LaunchScreen.storyboard in Resources */ = {isa = PBXBuildFile; fileRef = 18872B99243B26E800A127D2 /* LaunchScreen.storyboard */; };
		18872BAB243B2D6E00A127D2 /* FormVC.swift in Sources */ = {isa = PBXBuildFile; fileRef = 18872BAA243B2D6E00A127D2 /* FormVC.swift */; };
		18872BAD243B2D7E00A127D2 /* FormView.swift in Sources */ = {isa = PBXBuildFile; fileRef = 18872BAC243B2D7E00A127D2 /* FormView.swift */; };
		18872BB0243B2DB000A127D2 /* FormVM.swift in Sources */ = {isa = PBXBuildFile; fileRef = 18872BAF243B2DB000A127D2 /* FormVM.swift */; };
		18EFBD702443276800C5BD5F /* Config.swift in Sources */ = {isa = PBXBuildFile; fileRef = 18EFBD6F2443276800C5BD5F /* Config.swift */; };
/* End PBXBuildFile section */

/* Begin PBXCopyFilesBuildPhase section */
		18198126243EECB800150AE6 /* Embed Frameworks */ = {
			isa = PBXCopyFilesBuildPhase;
			buildActionMask = 2147483647;
			dstPath = "";
			dstSubfolderSpec = 10;
			files = (
				18198125243EECB800150AE6 /* MileusKit.framework in Embed Frameworks */,
			);
			name = "Embed Frameworks";
			runOnlyForDeploymentPostprocessing = 0;
		};
/* End PBXCopyFilesBuildPhase section */

/* Begin PBXFileReference section */
		18198123243EECB800150AE6 /* MileusKit.framework */ = {isa = PBXFileReference; explicitFileType = wrapper.framework; path = MileusKit.framework; sourceTree = BUILT_PRODUCTS_DIR; };
		186C7C0524457E16004E1D3F /* KeyboardManager.swift */ = {isa = PBXFileReference; lastKnownFileType = sourcecode.swift; path = KeyboardManager.swift; sourceTree = "<group>"; };
		18872B8B243B26E400A127D2 /* MileusApp.app */ = {isa = PBXFileReference; explicitFileType = wrapper.application; includeInIndex = 0; path = MileusApp.app; sourceTree = BUILT_PRODUCTS_DIR; };
		18872B8E243B26E400A127D2 /* AppDelegate.swift */ = {isa = PBXFileReference; lastKnownFileType = sourcecode.swift; path = AppDelegate.swift; sourceTree = "<group>"; };
		18872B90243B26E400A127D2 /* SceneDelegate.swift */ = {isa = PBXFileReference; lastKnownFileType = sourcecode.swift; path = SceneDelegate.swift; sourceTree = "<group>"; };
		18872B95243B26E400A127D2 /* Base */ = {isa = PBXFileReference; lastKnownFileType = file.storyboard; name = Base; path = Base.lproj/Main.storyboard; sourceTree = "<group>"; };
		18872B97243B26E800A127D2 /* Assets.xcassets */ = {isa = PBXFileReference; lastKnownFileType = folder.assetcatalog; path = Assets.xcassets; sourceTree = "<group>"; };
		18872B9A243B26E800A127D2 /* Base */ = {isa = PBXFileReference; lastKnownFileType = file.storyboard; name = Base; path = Base.lproj/LaunchScreen.storyboard; sourceTree = "<group>"; };
		18872B9C243B26E800A127D2 /* Info.plist */ = {isa = PBXFileReference; lastKnownFileType = text.plist.xml; path = Info.plist; sourceTree = "<group>"; };
		18872BAA243B2D6E00A127D2 /* FormVC.swift */ = {isa = PBXFileReference; lastKnownFileType = sourcecode.swift; path = FormVC.swift; sourceTree = "<group>"; };
		18872BAC243B2D7E00A127D2 /* FormView.swift */ = {isa = PBXFileReference; lastKnownFileType = sourcecode.swift; path = FormView.swift; sourceTree = "<group>"; };
		18872BAF243B2DB000A127D2 /* FormVM.swift */ = {isa = PBXFileReference; lastKnownFileType = sourcecode.swift; path = FormVM.swift; sourceTree = "<group>"; };
		18EFBD6F2443276800C5BD5F /* Config.swift */ = {isa = PBXFileReference; lastKnownFileType = sourcecode.swift; path = Config.swift; sourceTree = "<group>"; };
/* End PBXFileReference section */

/* Begin PBXFrameworksBuildPhase section */
		18872B88243B26E400A127D2 /* Frameworks */ = {
			isa = PBXFrameworksBuildPhase;
			buildActionMask = 2147483647;
			files = (
				18198124243EECB800150AE6 /* MileusKit.framework in Frameworks */,
			);
			runOnlyForDeploymentPostprocessing = 0;
		};
/* End PBXFrameworksBuildPhase section */

/* Begin PBXGroup section */
		18872B82243B26E400A127D2 = {
			isa = PBXGroup;
			children = (
				18872B8D243B26E400A127D2 /* MileusApp */,
				18872B8C243B26E400A127D2 /* Products */,
				18872BA2243B27F400A127D2 /* Frameworks */,
			);
			sourceTree = "<group>";
		};
		18872B8C243B26E400A127D2 /* Products */ = {
			isa = PBXGroup;
			children = (
				18872B8B243B26E400A127D2 /* MileusApp.app */,
			);
			name = Products;
			sourceTree = "<group>";
		};
		18872B8D243B26E400A127D2 /* MileusApp */ = {
			isa = PBXGroup;
			children = (
				18872B8E243B26E400A127D2 /* AppDelegate.swift */,
				18872B90243B26E400A127D2 /* SceneDelegate.swift */,
				18872B94243B26E400A127D2 /* Main.storyboard */,
				18872B97243B26E800A127D2 /* Assets.xcassets */,
				18872B99243B26E800A127D2 /* LaunchScreen.storyboard */,
				18872B9C243B26E800A127D2 /* Info.plist */,
				18872BA7243B2C8000A127D2 /* Sources */,
			);
			path = MileusApp;
			sourceTree = "<group>";
		};
		18872BA2243B27F400A127D2 /* Frameworks */ = {
			isa = PBXGroup;
			children = (
				18198123243EECB800150AE6 /* MileusKit.framework */,
			);
			name = Frameworks;
			sourceTree = "<group>";
		};
		18872BA7243B2C8000A127D2 /* Sources */ = {
			isa = PBXGroup;
			children = (
				18EFBD6E2443275A00C5BD5F /* Utilities */,
				18872BA8243B2C8500A127D2 /* Screens */,
			);
			path = Sources;
			sourceTree = "<group>";
		};
		18872BA8243B2C8500A127D2 /* Screens */ = {
			isa = PBXGroup;
			children = (
				18872BA9243B2C9200A127D2 /* Form */,
			);
			path = Screens;
			sourceTree = "<group>";
		};
		18872BA9243B2C9200A127D2 /* Form */ = {
			isa = PBXGroup;
			children = (
				18872BAF243B2DB000A127D2 /* FormVM.swift */,
				18872BAA243B2D6E00A127D2 /* FormVC.swift */,
				18872BAC243B2D7E00A127D2 /* FormView.swift */,
			);
			path = Form;
			sourceTree = "<group>";
		};
		18EFBD6E2443275A00C5BD5F /* Utilities */ = {
			isa = PBXGroup;
			children = (
				18EFBD6F2443276800C5BD5F /* Config.swift */,
				186C7C0524457E16004E1D3F /* KeyboardManager.swift */,
			);
			path = Utilities;
			sourceTree = "<group>";
		};
/* End PBXGroup section */

/* Begin PBXNativeTarget section */
		18872B8A243B26E400A127D2 /* MileusApp */ = {
			isa = PBXNativeTarget;
			buildConfigurationList = 18872B9F243B26E800A127D2 /* Build configuration list for PBXNativeTarget "MileusApp" */;
			buildPhases = (
				18872B87243B26E400A127D2 /* Sources */,
				18872B88243B26E400A127D2 /* Frameworks */,
				18872B89243B26E400A127D2 /* Resources */,
				18198126243EECB800150AE6 /* Embed Frameworks */,
			);
			buildRules = (
			);
			dependencies = (
			);
			name = MileusApp;
			productName = MileusApp;
			productReference = 18872B8B243B26E400A127D2 /* MileusApp.app */;
			productType = "com.apple.product-type.application";
		};
/* End PBXNativeTarget section */

/* Begin PBXProject section */
		18872B83243B26E400A127D2 /* Project object */ = {
			isa = PBXProject;
			attributes = {
				LastSwiftUpdateCheck = 1130;
				LastUpgradeCheck = 1130;
				ORGANIZATIONNAME = "SKOUMAL, s.r.o.";
				TargetAttributes = {
					18872B8A243B26E400A127D2 = {
						CreatedOnToolsVersion = 11.3.1;
					};
				};
			};
			buildConfigurationList = 18872B86243B26E400A127D2 /* Build configuration list for PBXProject "MileusApp" */;
			compatibilityVersion = "Xcode 9.3";
			developmentRegion = en;
			hasScannedForEncodings = 0;
			knownRegions = (
				en,
				Base,
			);
			mainGroup = 18872B82243B26E400A127D2;
			productRefGroup = 18872B8C243B26E400A127D2 /* Products */;
			projectDirPath = "";
			projectRoot = "";
			targets = (
				18872B8A243B26E400A127D2 /* MileusApp */,
			);
		};
/* End PBXProject section */

/* Begin PBXResourcesBuildPhase section */
		18872B89243B26E400A127D2 /* Resources */ = {
			isa = PBXResourcesBuildPhase;
			buildActionMask = 2147483647;
			files = (
				18872B9B243B26E800A127D2 /* LaunchScreen.storyboard in Resources */,
				18872B98243B26E800A127D2 /* Assets.xcassets in Resources */,
				18872B96243B26E400A127D2 /* Main.storyboard in Resources */,
			);
			runOnlyForDeploymentPostprocessing = 0;
		};
/* End PBXResourcesBuildPhase section */

/* Begin PBXSourcesBuildPhase section */
		18872B87243B26E400A127D2 /* Sources */ = {
			isa = PBXSourcesBuildPhase;
			buildActionMask = 2147483647;
			files = (
				18872BAB243B2D6E00A127D2 /* FormVC.swift in Sources */,
				18872BB0243B2DB000A127D2 /* FormVM.swift in Sources */,
				18872BAD243B2D7E00A127D2 /* FormView.swift in Sources */,
				18872B8F243B26E400A127D2 /* AppDelegate.swift in Sources */,
				18872B91243B26E400A127D2 /* SceneDelegate.swift in Sources */,
				186C7C0624457E16004E1D3F /* KeyboardManager.swift in Sources */,
				18EFBD702443276800C5BD5F /* Config.swift in Sources */,
			);
			runOnlyForDeploymentPostprocessing = 0;
		};
/* End PBXSourcesBuildPhase section */

/* Begin PBXVariantGroup section */
		18872B94243B26E400A127D2 /* Main.storyboard */ = {
			isa = PBXVariantGroup;
			children = (
				18872B95243B26E400A127D2 /* Base */,
			);
			name = Main.storyboard;
			sourceTree = "<group>";
		};
		18872B99243B26E800A127D2 /* LaunchScreen.storyboard */ = {
			isa = PBXVariantGroup;
			children = (
				18872B9A243B26E800A127D2 /* Base */,
			);
			name = LaunchScreen.storyboard;
			sourceTree = "<group>";
		};
/* End PBXVariantGroup section */

/* Begin XCBuildConfiguration section */
		18198121243EE19F00150AE6 /* Beta */ = {
			isa = XCBuildConfiguration;
			buildSettings = {
				ALWAYS_SEARCH_USER_PATHS = NO;
				BUNDLE_DISPLAY_NAME_SUFFIX = "[Beta]";
				BUNDLE_ID_SUFFIX = .beta;
				CLANG_ANALYZER_NONNULL = YES;
				CLANG_ANALYZER_NUMBER_OBJECT_CONVERSION = YES_AGGRESSIVE;
				CLANG_CXX_LANGUAGE_STANDARD = "gnu++14";
				CLANG_CXX_LIBRARY = "libc++";
				CLANG_ENABLE_MODULES = YES;
				CLANG_ENABLE_OBJC_ARC = YES;
				CLANG_ENABLE_OBJC_WEAK = YES;
				CLANG_WARN_BLOCK_CAPTURE_AUTORELEASING = YES;
				CLANG_WARN_BOOL_CONVERSION = YES;
				CLANG_WARN_COMMA = YES;
				CLANG_WARN_CONSTANT_CONVERSION = YES;
				CLANG_WARN_DEPRECATED_OBJC_IMPLEMENTATIONS = YES;
				CLANG_WARN_DIRECT_OBJC_ISA_USAGE = YES_ERROR;
				CLANG_WARN_DOCUMENTATION_COMMENTS = YES;
				CLANG_WARN_EMPTY_BODY = YES;
				CLANG_WARN_ENUM_CONVERSION = YES;
				CLANG_WARN_INFINITE_RECURSION = YES;
				CLANG_WARN_INT_CONVERSION = YES;
				CLANG_WARN_NON_LITERAL_NULL_CONVERSION = YES;
				CLANG_WARN_OBJC_IMPLICIT_RETAIN_SELF = YES;
				CLANG_WARN_OBJC_LITERAL_CONVERSION = YES;
				CLANG_WARN_OBJC_ROOT_CLASS = YES_ERROR;
				CLANG_WARN_RANGE_LOOP_ANALYSIS = YES;
				CLANG_WARN_STRICT_PROTOTYPES = YES;
				CLANG_WARN_SUSPICIOUS_MOVE = YES;
				CLANG_WARN_UNGUARDED_AVAILABILITY = YES_AGGRESSIVE;
				CLANG_WARN_UNREACHABLE_CODE = YES;
				CLANG_WARN__DUPLICATE_METHOD_MATCH = YES;
				COPY_PHASE_STRIP = NO;
				DEBUG_INFORMATION_FORMAT = "dwarf-with-dsym";
				ENABLE_NS_ASSERTIONS = NO;
				ENABLE_STRICT_OBJC_MSGSEND = YES;
				FRAMEWORK_SEARCH_PATHS = "";
				GCC_C_LANGUAGE_STANDARD = gnu11;
				GCC_NO_COMMON_BLOCKS = YES;
				GCC_WARN_64_TO_32_BIT_CONVERSION = YES;
				GCC_WARN_ABOUT_RETURN_TYPE = YES_ERROR;
				GCC_WARN_UNDECLARED_SELECTOR = YES;
				GCC_WARN_UNINITIALIZED_AUTOS = YES_AGGRESSIVE;
				GCC_WARN_UNUSED_FUNCTION = YES;
				GCC_WARN_UNUSED_VARIABLE = YES;
				IPHONEOS_DEPLOYMENT_TARGET = 11.0;
				MTL_ENABLE_DEBUG_INFO = NO;
				MTL_FAST_MATH = YES;
				SDKROOT = iphoneos;
				SWIFT_COMPILATION_MODE = wholemodule;
				SWIFT_OPTIMIZATION_LEVEL = "-O";
				VALIDATE_PRODUCT = YES;
			};
			name = Beta;
		};
		18198122243EE19F00150AE6 /* Beta */ = {
			isa = XCBuildConfiguration;
			buildSettings = {
				ASSETCATALOG_COMPILER_APPICON_NAME = AppIcon;
				CODE_SIGN_IDENTITY = "iPhone Distribution";
				CODE_SIGN_STYLE = Manual;
				CURRENT_PROJECT_VERSION = 2;
				DEVELOPMENT_TEAM = QK25HD76J7;
				INFOPLIST_FILE = MileusApp/Info.plist;
				IPHONEOS_DEPLOYMENT_TARGET = 11.0;
				LD_RUNPATH_SEARCH_PATHS = (
					"$(inherited)",
					"@executable_path/Frameworks",
				);
				MARKETING_VERSION = 0.1.0;
				PRODUCT_BUNDLE_IDENTIFIER = "com.mileus.testapp${BUNDLE_ID_SUFFIX}";
				PRODUCT_NAME = "$(TARGET_NAME)";
				PROVISIONING_PROFILE_SPECIFIER = "Enterprise: Mileus Test App Beta";
				SWIFT_VERSION = 5.0;
				TARGETED_DEVICE_FAMILY = "1,2";
			};
			name = Beta;
		};
		18872B9D243B26E800A127D2 /* Debug */ = {
			isa = XCBuildConfiguration;
			buildSettings = {
				ALWAYS_SEARCH_USER_PATHS = NO;
				BUNDLE_DISPLAY_NAME_SUFFIX = "[Debug]";
				BUNDLE_ID_SUFFIX = .debug;
				CLANG_ANALYZER_NONNULL = YES;
				CLANG_ANALYZER_NUMBER_OBJECT_CONVERSION = YES_AGGRESSIVE;
				CLANG_CXX_LANGUAGE_STANDARD = "gnu++14";
				CLANG_CXX_LIBRARY = "libc++";
				CLANG_ENABLE_MODULES = YES;
				CLANG_ENABLE_OBJC_ARC = YES;
				CLANG_ENABLE_OBJC_WEAK = YES;
				CLANG_WARN_BLOCK_CAPTURE_AUTORELEASING = YES;
				CLANG_WARN_BOOL_CONVERSION = YES;
				CLANG_WARN_COMMA = YES;
				CLANG_WARN_CONSTANT_CONVERSION = YES;
				CLANG_WARN_DEPRECATED_OBJC_IMPLEMENTATIONS = YES;
				CLANG_WARN_DIRECT_OBJC_ISA_USAGE = YES_ERROR;
				CLANG_WARN_DOCUMENTATION_COMMENTS = YES;
				CLANG_WARN_EMPTY_BODY = YES;
				CLANG_WARN_ENUM_CONVERSION = YES;
				CLANG_WARN_INFINITE_RECURSION = YES;
				CLANG_WARN_INT_CONVERSION = YES;
				CLANG_WARN_NON_LITERAL_NULL_CONVERSION = YES;
				CLANG_WARN_OBJC_IMPLICIT_RETAIN_SELF = YES;
				CLANG_WARN_OBJC_LITERAL_CONVERSION = YES;
				CLANG_WARN_OBJC_ROOT_CLASS = YES_ERROR;
				CLANG_WARN_RANGE_LOOP_ANALYSIS = YES;
				CLANG_WARN_STRICT_PROTOTYPES = YES;
				CLANG_WARN_SUSPICIOUS_MOVE = YES;
				CLANG_WARN_UNGUARDED_AVAILABILITY = YES_AGGRESSIVE;
				CLANG_WARN_UNREACHABLE_CODE = YES;
				CLANG_WARN__DUPLICATE_METHOD_MATCH = YES;
				COPY_PHASE_STRIP = NO;
				DEBUG_INFORMATION_FORMAT = dwarf;
				ENABLE_STRICT_OBJC_MSGSEND = YES;
				ENABLE_TESTABILITY = YES;
				GCC_C_LANGUAGE_STANDARD = gnu11;
				GCC_DYNAMIC_NO_PIC = NO;
				GCC_NO_COMMON_BLOCKS = YES;
				GCC_OPTIMIZATION_LEVEL = 0;
				GCC_PREPROCESSOR_DEFINITIONS = (
					"DEBUG=1",
					"$(inherited)",
				);
				GCC_WARN_64_TO_32_BIT_CONVERSION = YES;
				GCC_WARN_ABOUT_RETURN_TYPE = YES_ERROR;
				GCC_WARN_UNDECLARED_SELECTOR = YES;
				GCC_WARN_UNINITIALIZED_AUTOS = YES_AGGRESSIVE;
				GCC_WARN_UNUSED_FUNCTION = YES;
				GCC_WARN_UNUSED_VARIABLE = YES;
				IPHONEOS_DEPLOYMENT_TARGET = 11.0;
				MTL_ENABLE_DEBUG_INFO = INCLUDE_SOURCE;
				MTL_FAST_MATH = YES;
				ONLY_ACTIVE_ARCH = YES;
				SDKROOT = iphoneos;
				SWIFT_ACTIVE_COMPILATION_CONDITIONS = DEBUG;
				SWIFT_OPTIMIZATION_LEVEL = "-Onone";
			};
			name = Debug;
		};
		18872B9E243B26E800A127D2 /* Release */ = {
			isa = XCBuildConfiguration;
			buildSettings = {
				ALWAYS_SEARCH_USER_PATHS = NO;
				BUNDLE_DISPLAY_NAME_SUFFIX = "";
				BUNDLE_ID_SUFFIX = "";
				CLANG_ANALYZER_NONNULL = YES;
				CLANG_ANALYZER_NUMBER_OBJECT_CONVERSION = YES_AGGRESSIVE;
				CLANG_CXX_LANGUAGE_STANDARD = "gnu++14";
				CLANG_CXX_LIBRARY = "libc++";
				CLANG_ENABLE_MODULES = YES;
				CLANG_ENABLE_OBJC_ARC = YES;
				CLANG_ENABLE_OBJC_WEAK = YES;
				CLANG_WARN_BLOCK_CAPTURE_AUTORELEASING = YES;
				CLANG_WARN_BOOL_CONVERSION = YES;
				CLANG_WARN_COMMA = YES;
				CLANG_WARN_CONSTANT_CONVERSION = YES;
				CLANG_WARN_DEPRECATED_OBJC_IMPLEMENTATIONS = YES;
				CLANG_WARN_DIRECT_OBJC_ISA_USAGE = YES_ERROR;
				CLANG_WARN_DOCUMENTATION_COMMENTS = YES;
				CLANG_WARN_EMPTY_BODY = YES;
				CLANG_WARN_ENUM_CONVERSION = YES;
				CLANG_WARN_INFINITE_RECURSION = YES;
				CLANG_WARN_INT_CONVERSION = YES;
				CLANG_WARN_NON_LITERAL_NULL_CONVERSION = YES;
				CLANG_WARN_OBJC_IMPLICIT_RETAIN_SELF = YES;
				CLANG_WARN_OBJC_LITERAL_CONVERSION = YES;
				CLANG_WARN_OBJC_ROOT_CLASS = YES_ERROR;
				CLANG_WARN_RANGE_LOOP_ANALYSIS = YES;
				CLANG_WARN_STRICT_PROTOTYPES = YES;
				CLANG_WARN_SUSPICIOUS_MOVE = YES;
				CLANG_WARN_UNGUARDED_AVAILABILITY = YES_AGGRESSIVE;
				CLANG_WARN_UNREACHABLE_CODE = YES;
				CLANG_WARN__DUPLICATE_METHOD_MATCH = YES;
				COPY_PHASE_STRIP = NO;
				DEBUG_INFORMATION_FORMAT = "dwarf-with-dsym";
				ENABLE_NS_ASSERTIONS = NO;
				ENABLE_STRICT_OBJC_MSGSEND = YES;
				GCC_C_LANGUAGE_STANDARD = gnu11;
				GCC_NO_COMMON_BLOCKS = YES;
				GCC_WARN_64_TO_32_BIT_CONVERSION = YES;
				GCC_WARN_ABOUT_RETURN_TYPE = YES_ERROR;
				GCC_WARN_UNDECLARED_SELECTOR = YES;
				GCC_WARN_UNINITIALIZED_AUTOS = YES_AGGRESSIVE;
				GCC_WARN_UNUSED_FUNCTION = YES;
				GCC_WARN_UNUSED_VARIABLE = YES;
				IPHONEOS_DEPLOYMENT_TARGET = 11.0;
				MTL_ENABLE_DEBUG_INFO = NO;
				MTL_FAST_MATH = YES;
				SDKROOT = iphoneos;
				SWIFT_COMPILATION_MODE = wholemodule;
				SWIFT_OPTIMIZATION_LEVEL = "-O";
				VALIDATE_PRODUCT = YES;
			};
			name = Release;
		};
		18872BA0243B26E800A127D2 /* Debug */ = {
			isa = XCBuildConfiguration;
			buildSettings = {
				ASSETCATALOG_COMPILER_APPICON_NAME = AppIcon;
				CODE_SIGN_STYLE = Manual;
				CURRENT_PROJECT_VERSION = 2;
				DEVELOPMENT_TEAM = "";
				INFOPLIST_FILE = MileusApp/Info.plist;
				IPHONEOS_DEPLOYMENT_TARGET = 11.0;
				LD_RUNPATH_SEARCH_PATHS = (
					"$(inherited)",
					"@executable_path/Frameworks",
				);
				MARKETING_VERSION = 0.1.0;
				PRODUCT_BUNDLE_IDENTIFIER = "com.mileus.testapp${BUNDLE_ID_SUFFIX}";
				PRODUCT_NAME = "$(TARGET_NAME)";
				PROVISIONING_PROFILE_SPECIFIER = "";
				SWIFT_VERSION = 5.0;
				TARGETED_DEVICE_FAMILY = "1,2";
			};
			name = Debug;
		};
		18872BA1243B26E800A127D2 /* Release */ = {
			isa = XCBuildConfiguration;
			buildSettings = {
				ASSETCATALOG_COMPILER_APPICON_NAME = AppIcon;
				CODE_SIGN_STYLE = Manual;
				CURRENT_PROJECT_VERSION = 2;
				DEVELOPMENT_TEAM = "";
				INFOPLIST_FILE = MileusApp/Info.plist;
				IPHONEOS_DEPLOYMENT_TARGET = 11.0;
				LD_RUNPATH_SEARCH_PATHS = (
					"$(inherited)",
					"@executable_path/Frameworks",
				);
				MARKETING_VERSION = 0.1.0;
				PRODUCT_BUNDLE_IDENTIFIER = "com.mileus.testapp${BUNDLE_ID_SUFFIX}";
				PRODUCT_NAME = "$(TARGET_NAME)";
				PROVISIONING_PROFILE_SPECIFIER = "";
				SWIFT_VERSION = 5.0;
				TARGETED_DEVICE_FAMILY = "1,2";
			};
			name = Release;
		};
/* End XCBuildConfiguration section */

/* Begin XCConfigurationList section */
		18872B86243B26E400A127D2 /* Build configuration list for PBXProject "MileusApp" */ = {
			isa = XCConfigurationList;
			buildConfigurations = (
				18872B9D243B26E800A127D2 /* Debug */,
				18872B9E243B26E800A127D2 /* Release */,
				18198121243EE19F00150AE6 /* Beta */,
			);
			defaultConfigurationIsVisible = 0;
			defaultConfigurationName = Release;
		};
		18872B9F243B26E800A127D2 /* Build configuration list for PBXNativeTarget "MileusApp" */ = {
			isa = XCConfigurationList;
			buildConfigurations = (
				18872BA0243B26E800A127D2 /* Debug */,
				18872BA1243B26E800A127D2 /* Release */,
				18198122243EE19F00150AE6 /* Beta */,
			);
			defaultConfigurationIsVisible = 0;
			defaultConfigurationName = Release;
		};
/* End XCConfigurationList section */
	};
	rootObject = 18872B83243B26E400A127D2 /* Project object */;
}
